// !$*UTF8*$!
{
	archiveVersion = 1;
	classes = {
	};
	objectVersion = 50;
	objects = {

/* Begin PBXBuildFile section */
		BA82751824C258E10083EDA1 /* CaseloadViewController.swift in Sources */ = {isa = PBXBuildFile; fileRef = BA82751724C258E10083EDA1 /* CaseloadViewController.swift */; };
		BA82751A24C258F10083EDA1 /* GroupsViewController.swift in Sources */ = {isa = PBXBuildFile; fileRef = BA82751924C258F10083EDA1 /* GroupsViewController.swift */; };
		BA82751C24C260E90083EDA1 /* TabBarVC.swift in Sources */ = {isa = PBXBuildFile; fileRef = BA82751B24C260E90083EDA1 /* TabBarVC.swift */; };
		BA82751E24C4A6950083EDA1 /* CaseloadTableViewCell.swift in Sources */ = {isa = PBXBuildFile; fileRef = BA82751D24C4A6950083EDA1 /* CaseloadTableViewCell.swift */; };
		BA82752024C4A6B70083EDA1 /* GroupsTableViewCell.swift in Sources */ = {isa = PBXBuildFile; fileRef = BA82751F24C4A6B70083EDA1 /* GroupsTableViewCell.swift */; };
		BA82752224C5D94A0083EDA1 /* DataModel.swift in Sources */ = {isa = PBXBuildFile; fileRef = BA82752124C5D94A0083EDA1 /* DataModel.swift */; };
		BA82752624C5E75F0083EDA1 /* AddNewStudentViewController.swift in Sources */ = {isa = PBXBuildFile; fileRef = BA82752524C5E75F0083EDA1 /* AddNewStudentViewController.swift */; };
		BA82753724C5F2030083EDA1 /* Nunito-ExtraBoldItalic.ttf in Resources */ = {isa = PBXBuildFile; fileRef = BA82752824C5F2030083EDA1 /* Nunito-ExtraBoldItalic.ttf */; };
		BA82753824C5F2030083EDA1 /* Nunito-ExtraBold.ttf in Resources */ = {isa = PBXBuildFile; fileRef = BA82752924C5F2030083EDA1 /* Nunito-ExtraBold.ttf */; };
		BA82753924C5F2030083EDA1 /* Nunito-ExtraLightItalic.ttf in Resources */ = {isa = PBXBuildFile; fileRef = BA82752A24C5F2030083EDA1 /* Nunito-ExtraLightItalic.ttf */; };
		BA82753A24C5F2030083EDA1 /* Nunito-Light.ttf in Resources */ = {isa = PBXBuildFile; fileRef = BA82752B24C5F2030083EDA1 /* Nunito-Light.ttf */; };
		BA82753B24C5F2030083EDA1 /* Nunito-Regular.ttf in Resources */ = {isa = PBXBuildFile; fileRef = BA82752C24C5F2030083EDA1 /* Nunito-Regular.ttf */; };
		BA82753C24C5F2030083EDA1 /* Nunito-SemiBold.ttf in Resources */ = {isa = PBXBuildFile; fileRef = BA82752D24C5F2030083EDA1 /* Nunito-SemiBold.ttf */; };
		BA82753D24C5F2030083EDA1 /* Nunito-Bold.ttf in Resources */ = {isa = PBXBuildFile; fileRef = BA82752E24C5F2030083EDA1 /* Nunito-Bold.ttf */; };
		BA82753E24C5F2030083EDA1 /* Nunito-BoldItalic.ttf in Resources */ = {isa = PBXBuildFile; fileRef = BA82752F24C5F2030083EDA1 /* Nunito-BoldItalic.ttf */; };
		BA82753F24C5F2030083EDA1 /* Nunito-Black.ttf in Resources */ = {isa = PBXBuildFile; fileRef = BA82753024C5F2030083EDA1 /* Nunito-Black.ttf */; };
		BA82754024C5F2030083EDA1 /* Nunito-ExtraLight.ttf in Resources */ = {isa = PBXBuildFile; fileRef = BA82753124C5F2030083EDA1 /* Nunito-ExtraLight.ttf */; };
		BA82754124C5F2030083EDA1 /* Nunito-SemiBoldItalic.ttf in Resources */ = {isa = PBXBuildFile; fileRef = BA82753224C5F2030083EDA1 /* Nunito-SemiBoldItalic.ttf */; };
		BA82754224C5F2030083EDA1 /* Nunito-BlackItalic.ttf in Resources */ = {isa = PBXBuildFile; fileRef = BA82753324C5F2030083EDA1 /* Nunito-BlackItalic.ttf */; };
		BA82754324C5F2040083EDA1 /* OFL.txt in Resources */ = {isa = PBXBuildFile; fileRef = BA82753424C5F2030083EDA1 /* OFL.txt */; };
		BA82754424C5F2040083EDA1 /* Nunito-Italic.ttf in Resources */ = {isa = PBXBuildFile; fileRef = BA82753524C5F2030083EDA1 /* Nunito-Italic.ttf */; };
		BA82754524C5F2040083EDA1 /* Nunito-LightItalic.ttf in Resources */ = {isa = PBXBuildFile; fileRef = BA82753624C5F2030083EDA1 /* Nunito-LightItalic.ttf */; };
		BA82754724C61E8B0083EDA1 /* GoalTableViewCell.swift in Sources */ = {isa = PBXBuildFile; fileRef = BA82754624C61E8B0083EDA1 /* GoalTableViewCell.swift */; };
		BA82758B24C9D6700083EDA1 /* SelectCategoryViewController.swift in Sources */ = {isa = PBXBuildFile; fileRef = BA82758A24C9D6700083EDA1 /* SelectCategoryViewController.swift */; };
		BA82758D24C9D6880083EDA1 /* SelectGoalViewController.swift in Sources */ = {isa = PBXBuildFile; fileRef = BA82758C24C9D6880083EDA1 /* SelectGoalViewController.swift */; };
		BA82758F24CA01EC0083EDA1 /* GoalArrays.swift in Sources */ = {isa = PBXBuildFile; fileRef = BA82758E24CA01EC0083EDA1 /* GoalArrays.swift */; };
		BA82759124CA15600083EDA1 /* SelectGoalTableCell.swift in Sources */ = {isa = PBXBuildFile; fileRef = BA82759024CA15600083EDA1 /* SelectGoalTableCell.swift */; };
		BA82759324CB429C0083EDA1 /* CategorySelectViewController.swift in Sources */ = {isa = PBXBuildFile; fileRef = BA82759224CB429C0083EDA1 /* CategorySelectViewController.swift */; };
		BA82759524CB4FC00083EDA1 /* CategorySelectCell.swift in Sources */ = {isa = PBXBuildFile; fileRef = BA82759424CB4FC00083EDA1 /* CategorySelectCell.swift */; };
		BA82759724CB7E910083EDA1 /* CuesAndAccuracyViewController.swift in Sources */ = {isa = PBXBuildFile; fileRef = BA82759624CB7E910083EDA1 /* CuesAndAccuracyViewController.swift */; };
		BA8275AF24D0D80A0083EDA1 /* CustomButton.swift in Sources */ = {isa = PBXBuildFile; fileRef = BA8275AE24D0D80A0083EDA1 /* CustomButton.swift */; };
		BA8275B424D326F10083EDA1 /* CueLevelEnum.swift in Sources */ = {isa = PBXBuildFile; fileRef = BA8275B324D326F10083EDA1 /* CueLevelEnum.swift */; };
		BA8275B624D327520083EDA1 /* CueTypes.swift in Sources */ = {isa = PBXBuildFile; fileRef = BA8275B524D327520083EDA1 /* CueTypes.swift */; };
		BA8275B824D327980083EDA1 /* AccuracyLevels.swift in Sources */ = {isa = PBXBuildFile; fileRef = BA8275B724D327980083EDA1 /* AccuracyLevels.swift */; };
		BA8275BC24D461D20083EDA1 /* CreatedGoals.swift in Sources */ = {isa = PBXBuildFile; fileRef = BA8275BB24D461D20083EDA1 /* CreatedGoals.swift */; };
		BA8D3AF324C1F9AA009C0389 /* AppDelegate.swift in Sources */ = {isa = PBXBuildFile; fileRef = BA8D3AF224C1F9AA009C0389 /* AppDelegate.swift */; };
		BA8D3AF524C1F9AA009C0389 /* SceneDelegate.swift in Sources */ = {isa = PBXBuildFile; fileRef = BA8D3AF424C1F9AA009C0389 /* SceneDelegate.swift */; };
		BA8D3AF724C1F9AA009C0389 /* SplashViewController.swift in Sources */ = {isa = PBXBuildFile; fileRef = BA8D3AF624C1F9AA009C0389 /* SplashViewController.swift */; };
		BA8D3AFA24C1F9AA009C0389 /* Main.storyboard in Resources */ = {isa = PBXBuildFile; fileRef = BA8D3AF824C1F9AA009C0389 /* Main.storyboard */; };
		BA8D3AFD24C1F9AA009C0389 /* CaseloadManager.xcdatamodeld in Sources */ = {isa = PBXBuildFile; fileRef = BA8D3AFB24C1F9AA009C0389 /* CaseloadManager.xcdatamodeld */; };
		BA8D3AFF24C1F9AE009C0389 /* Assets.xcassets in Resources */ = {isa = PBXBuildFile; fileRef = BA8D3AFE24C1F9AE009C0389 /* Assets.xcassets */; };
		BA8D3B0224C1F9AE009C0389 /* LaunchScreen.storyboard in Resources */ = {isa = PBXBuildFile; fileRef = BA8D3B0024C1F9AE009C0389 /* LaunchScreen.storyboard */; };
		BA8D3B0D24C1FF44009C0389 /* LoginViewController.swift in Sources */ = {isa = PBXBuildFile; fileRef = BA8D3B0C24C1FF44009C0389 /* LoginViewController.swift */; };
		BA8D3B0F24C1FF7C009C0389 /* AgeGroupViewController.swift in Sources */ = {isa = PBXBuildFile; fileRef = BA8D3B0E24C1FF7C009C0389 /* AgeGroupViewController.swift */; };
/* End PBXBuildFile section */

/* Begin PBXFileReference section */
		BA82751724C258E10083EDA1 /* CaseloadViewController.swift */ = {isa = PBXFileReference; lastKnownFileType = sourcecode.swift; path = CaseloadViewController.swift; sourceTree = "<group>"; };
		BA82751924C258F10083EDA1 /* GroupsViewController.swift */ = {isa = PBXFileReference; lastKnownFileType = sourcecode.swift; path = GroupsViewController.swift; sourceTree = "<group>"; };
		BA82751B24C260E90083EDA1 /* TabBarVC.swift */ = {isa = PBXFileReference; lastKnownFileType = sourcecode.swift; path = TabBarVC.swift; sourceTree = "<group>"; };
		BA82751D24C4A6950083EDA1 /* CaseloadTableViewCell.swift */ = {isa = PBXFileReference; lastKnownFileType = sourcecode.swift; path = CaseloadTableViewCell.swift; sourceTree = "<group>"; };
		BA82751F24C4A6B70083EDA1 /* GroupsTableViewCell.swift */ = {isa = PBXFileReference; lastKnownFileType = sourcecode.swift; path = GroupsTableViewCell.swift; sourceTree = "<group>"; };
		BA82752124C5D94A0083EDA1 /* DataModel.swift */ = {isa = PBXFileReference; lastKnownFileType = sourcecode.swift; path = DataModel.swift; sourceTree = "<group>"; };
		BA82752524C5E75F0083EDA1 /* AddNewStudentViewController.swift */ = {isa = PBXFileReference; lastKnownFileType = sourcecode.swift; path = AddNewStudentViewController.swift; sourceTree = "<group>"; };
		BA82752824C5F2030083EDA1 /* Nunito-ExtraBoldItalic.ttf */ = {isa = PBXFileReference; lastKnownFileType = file; path = "Nunito-ExtraBoldItalic.ttf"; sourceTree = "<group>"; };
		BA82752924C5F2030083EDA1 /* Nunito-ExtraBold.ttf */ = {isa = PBXFileReference; lastKnownFileType = file; path = "Nunito-ExtraBold.ttf"; sourceTree = "<group>"; };
		BA82752A24C5F2030083EDA1 /* Nunito-ExtraLightItalic.ttf */ = {isa = PBXFileReference; lastKnownFileType = file; path = "Nunito-ExtraLightItalic.ttf"; sourceTree = "<group>"; };
		BA82752B24C5F2030083EDA1 /* Nunito-Light.ttf */ = {isa = PBXFileReference; lastKnownFileType = file; path = "Nunito-Light.ttf"; sourceTree = "<group>"; };
		BA82752C24C5F2030083EDA1 /* Nunito-Regular.ttf */ = {isa = PBXFileReference; lastKnownFileType = file; path = "Nunito-Regular.ttf"; sourceTree = "<group>"; };
		BA82752D24C5F2030083EDA1 /* Nunito-SemiBold.ttf */ = {isa = PBXFileReference; lastKnownFileType = file; path = "Nunito-SemiBold.ttf"; sourceTree = "<group>"; };
		BA82752E24C5F2030083EDA1 /* Nunito-Bold.ttf */ = {isa = PBXFileReference; lastKnownFileType = file; path = "Nunito-Bold.ttf"; sourceTree = "<group>"; };
		BA82752F24C5F2030083EDA1 /* Nunito-BoldItalic.ttf */ = {isa = PBXFileReference; lastKnownFileType = file; path = "Nunito-BoldItalic.ttf"; sourceTree = "<group>"; };
		BA82753024C5F2030083EDA1 /* Nunito-Black.ttf */ = {isa = PBXFileReference; lastKnownFileType = file; path = "Nunito-Black.ttf"; sourceTree = "<group>"; };
		BA82753124C5F2030083EDA1 /* Nunito-ExtraLight.ttf */ = {isa = PBXFileReference; lastKnownFileType = file; path = "Nunito-ExtraLight.ttf"; sourceTree = "<group>"; };
		BA82753224C5F2030083EDA1 /* Nunito-SemiBoldItalic.ttf */ = {isa = PBXFileReference; lastKnownFileType = file; path = "Nunito-SemiBoldItalic.ttf"; sourceTree = "<group>"; };
		BA82753324C5F2030083EDA1 /* Nunito-BlackItalic.ttf */ = {isa = PBXFileReference; lastKnownFileType = file; path = "Nunito-BlackItalic.ttf"; sourceTree = "<group>"; };
		BA82753424C5F2030083EDA1 /* OFL.txt */ = {isa = PBXFileReference; fileEncoding = 4; lastKnownFileType = text; path = OFL.txt; sourceTree = "<group>"; };
		BA82753524C5F2030083EDA1 /* Nunito-Italic.ttf */ = {isa = PBXFileReference; lastKnownFileType = file; path = "Nunito-Italic.ttf"; sourceTree = "<group>"; };
		BA82753624C5F2030083EDA1 /* Nunito-LightItalic.ttf */ = {isa = PBXFileReference; lastKnownFileType = file; path = "Nunito-LightItalic.ttf"; sourceTree = "<group>"; };
		BA82754624C61E8B0083EDA1 /* GoalTableViewCell.swift */ = {isa = PBXFileReference; lastKnownFileType = sourcecode.swift; path = GoalTableViewCell.swift; sourceTree = "<group>"; };
		BA82758A24C9D6700083EDA1 /* SelectCategoryViewController.swift */ = {isa = PBXFileReference; lastKnownFileType = sourcecode.swift; path = SelectCategoryViewController.swift; sourceTree = "<group>"; };
		BA82758C24C9D6880083EDA1 /* SelectGoalViewController.swift */ = {isa = PBXFileReference; lastKnownFileType = sourcecode.swift; path = SelectGoalViewController.swift; sourceTree = "<group>"; };
		BA82758E24CA01EC0083EDA1 /* GoalArrays.swift */ = {isa = PBXFileReference; lastKnownFileType = sourcecode.swift; path = GoalArrays.swift; sourceTree = "<group>"; };
		BA82759024CA15600083EDA1 /* SelectGoalTableCell.swift */ = {isa = PBXFileReference; lastKnownFileType = sourcecode.swift; path = SelectGoalTableCell.swift; sourceTree = "<group>"; };
		BA82759224CB429C0083EDA1 /* CategorySelectViewController.swift */ = {isa = PBXFileReference; lastKnownFileType = sourcecode.swift; path = CategorySelectViewController.swift; sourceTree = "<group>"; };
		BA82759424CB4FC00083EDA1 /* CategorySelectCell.swift */ = {isa = PBXFileReference; lastKnownFileType = sourcecode.swift; path = CategorySelectCell.swift; sourceTree = "<group>"; };
		BA82759624CB7E910083EDA1 /* CuesAndAccuracyViewController.swift */ = {isa = PBXFileReference; lastKnownFileType = sourcecode.swift; path = CuesAndAccuracyViewController.swift; sourceTree = "<group>"; };
		BA8275AE24D0D80A0083EDA1 /* CustomButton.swift */ = {isa = PBXFileReference; lastKnownFileType = sourcecode.swift; path = CustomButton.swift; sourceTree = "<group>"; };
		BA8275B324D326F10083EDA1 /* CueLevelEnum.swift */ = {isa = PBXFileReference; lastKnownFileType = sourcecode.swift; path = CueLevelEnum.swift; sourceTree = "<group>"; };
		BA8275B524D327520083EDA1 /* CueTypes.swift */ = {isa = PBXFileReference; lastKnownFileType = sourcecode.swift; path = CueTypes.swift; sourceTree = "<group>"; };
		BA8275B724D327980083EDA1 /* AccuracyLevels.swift */ = {isa = PBXFileReference; lastKnownFileType = sourcecode.swift; path = AccuracyLevels.swift; sourceTree = "<group>"; };
		BA8275BB24D461D20083EDA1 /* CreatedGoals.swift */ = {isa = PBXFileReference; lastKnownFileType = sourcecode.swift; path = CreatedGoals.swift; sourceTree = "<group>"; };
		BA8D3AEF24C1F9AA009C0389 /* CaseloadManager.app */ = {isa = PBXFileReference; explicitFileType = wrapper.application; includeInIndex = 0; path = CaseloadManager.app; sourceTree = BUILT_PRODUCTS_DIR; };
		BA8D3AF224C1F9AA009C0389 /* AppDelegate.swift */ = {isa = PBXFileReference; lastKnownFileType = sourcecode.swift; path = AppDelegate.swift; sourceTree = "<group>"; };
		BA8D3AF424C1F9AA009C0389 /* SceneDelegate.swift */ = {isa = PBXFileReference; lastKnownFileType = sourcecode.swift; path = SceneDelegate.swift; sourceTree = "<group>"; };
		BA8D3AF624C1F9AA009C0389 /* SplashViewController.swift */ = {isa = PBXFileReference; lastKnownFileType = sourcecode.swift; path = SplashViewController.swift; sourceTree = "<group>"; };
		BA8D3AF924C1F9AA009C0389 /* Base */ = {isa = PBXFileReference; lastKnownFileType = file.storyboard; name = Base; path = Base.lproj/Main.storyboard; sourceTree = "<group>"; };
		BA8D3AFC24C1F9AA009C0389 /* CaseloadManager.xcdatamodel */ = {isa = PBXFileReference; lastKnownFileType = wrapper.xcdatamodel; path = CaseloadManager.xcdatamodel; sourceTree = "<group>"; };
		BA8D3AFE24C1F9AE009C0389 /* Assets.xcassets */ = {isa = PBXFileReference; lastKnownFileType = folder.assetcatalog; path = Assets.xcassets; sourceTree = "<group>"; };
		BA8D3B0124C1F9AE009C0389 /* Base */ = {isa = PBXFileReference; lastKnownFileType = file.storyboard; name = Base; path = Base.lproj/LaunchScreen.storyboard; sourceTree = "<group>"; };
		BA8D3B0324C1F9AE009C0389 /* Info.plist */ = {isa = PBXFileReference; lastKnownFileType = text.plist.xml; path = Info.plist; sourceTree = "<group>"; };
		BA8D3B0C24C1FF44009C0389 /* LoginViewController.swift */ = {isa = PBXFileReference; lastKnownFileType = sourcecode.swift; path = LoginViewController.swift; sourceTree = "<group>"; };
		BA8D3B0E24C1FF7C009C0389 /* AgeGroupViewController.swift */ = {isa = PBXFileReference; lastKnownFileType = sourcecode.swift; path = AgeGroupViewController.swift; sourceTree = "<group>"; };
/* End PBXFileReference section */

/* Begin PBXFrameworksBuildPhase section */
		BA8D3AEC24C1F9AA009C0389 /* Frameworks */ = {
			isa = PBXFrameworksBuildPhase;
			buildActionMask = 2147483647;
			files = (
			);
			runOnlyForDeploymentPostprocessing = 0;
		};
/* End PBXFrameworksBuildPhase section */

/* Begin PBXGroup section */
		BA82752724C5F2030083EDA1 /* Nunito */ = {
			isa = PBXGroup;
			children = (
				BA82752824C5F2030083EDA1 /* Nunito-ExtraBoldItalic.ttf */,
				BA82752924C5F2030083EDA1 /* Nunito-ExtraBold.ttf */,
				BA82752A24C5F2030083EDA1 /* Nunito-ExtraLightItalic.ttf */,
				BA82752B24C5F2030083EDA1 /* Nunito-Light.ttf */,
				BA82752C24C5F2030083EDA1 /* Nunito-Regular.ttf */,
				BA82752D24C5F2030083EDA1 /* Nunito-SemiBold.ttf */,
				BA82752E24C5F2030083EDA1 /* Nunito-Bold.ttf */,
				BA82752F24C5F2030083EDA1 /* Nunito-BoldItalic.ttf */,
				BA82753024C5F2030083EDA1 /* Nunito-Black.ttf */,
				BA82753124C5F2030083EDA1 /* Nunito-ExtraLight.ttf */,
				BA82753224C5F2030083EDA1 /* Nunito-SemiBoldItalic.ttf */,
				BA82753324C5F2030083EDA1 /* Nunito-BlackItalic.ttf */,
				BA82753424C5F2030083EDA1 /* OFL.txt */,
				BA82753524C5F2030083EDA1 /* Nunito-Italic.ttf */,
				BA82753624C5F2030083EDA1 /* Nunito-LightItalic.ttf */,
			);
			path = Nunito;
			sourceTree = "<group>";
		};
		BA8275B024D326CC0083EDA1 /* CueLevels */ = {
			isa = PBXGroup;
			children = (
				BA8275B324D326F10083EDA1 /* CueLevelEnum.swift */,
			);
			path = CueLevels;
			sourceTree = "<group>";
		};
		BA8275B124D326DA0083EDA1 /* CueTypes */ = {
			isa = PBXGroup;
			children = (
				BA8275B524D327520083EDA1 /* CueTypes.swift */,
			);
			path = CueTypes;
			sourceTree = "<group>";
		};
		BA8275B224D326E10083EDA1 /* AccuracyLevels */ = {
			isa = PBXGroup;
			children = (
				BA8275B724D327980083EDA1 /* AccuracyLevels.swift */,
			);
			path = AccuracyLevels;
			sourceTree = "<group>";
		};
		BA8D3AE624C1F9AA009C0389 = {
			isa = PBXGroup;
			children = (
				BA8D3AF124C1F9AA009C0389 /* CaseloadManager */,
				BA8D3AF024C1F9AA009C0389 /* Products */,
			);
			sourceTree = "<group>";
		};
		BA8D3AF024C1F9AA009C0389 /* Products */ = {
			isa = PBXGroup;
			children = (
				BA8D3AEF24C1F9AA009C0389 /* CaseloadManager.app */,
			);
			name = Products;
			sourceTree = "<group>";
		};
		BA8D3AF124C1F9AA009C0389 /* CaseloadManager */ = {
			isa = PBXGroup;
			children = (
				BA8D3B0924C1F9C6009C0389 /* Model */,
				BA8D3B0B24C1F9D9009C0389 /* Controller */,
				BA8D3B0A24C1F9D1009C0389 /* View */,
				BA8D3AF224C1F9AA009C0389 /* AppDelegate.swift */,
				BA8D3AF424C1F9AA009C0389 /* SceneDelegate.swift */,
				BA8D3AF824C1F9AA009C0389 /* Main.storyboard */,
				BA8D3AFE24C1F9AE009C0389 /* Assets.xcassets */,
				BA8D3B0024C1F9AE009C0389 /* LaunchScreen.storyboard */,
				BA8D3B0324C1F9AE009C0389 /* Info.plist */,
				BA8D3AFB24C1F9AA009C0389 /* CaseloadManager.xcdatamodeld */,
			);
			path = CaseloadManager;
			sourceTree = "<group>";
		};
		BA8D3B0924C1F9C6009C0389 /* Model */ = {
			isa = PBXGroup;
			children = (
				BA8275B224D326E10083EDA1 /* AccuracyLevels */,
				BA8275B124D326DA0083EDA1 /* CueTypes */,
				BA8275B024D326CC0083EDA1 /* CueLevels */,
				BA82752124C5D94A0083EDA1 /* DataModel.swift */,
				BA82758E24CA01EC0083EDA1 /* GoalArrays.swift */,
				BA8275BB24D461D20083EDA1 /* CreatedGoals.swift */,
			);
			path = Model;
			sourceTree = "<group>";
		};
		BA8D3B0A24C1F9D1009C0389 /* View */ = {
			isa = PBXGroup;
			children = (
				BA82751D24C4A6950083EDA1 /* CaseloadTableViewCell.swift */,
				BA82751F24C4A6B70083EDA1 /* GroupsTableViewCell.swift */,
				BA82754624C61E8B0083EDA1 /* GoalTableViewCell.swift */,
				BA82759024CA15600083EDA1 /* SelectGoalTableCell.swift */,
				BA82759424CB4FC00083EDA1 /* CategorySelectCell.swift */,
				BA82752724C5F2030083EDA1 /* Nunito */,
				BA8275AE24D0D80A0083EDA1 /* CustomButton.swift */,
			);
			path = View;
			sourceTree = "<group>";
		};
		BA8D3B0B24C1F9D9009C0389 /* Controller */ = {
			isa = PBXGroup;
			children = (
				BA8D3AF624C1F9AA009C0389 /* SplashViewController.swift */,
				BA8D3B0C24C1FF44009C0389 /* LoginViewController.swift */,
				BA8D3B0E24C1FF7C009C0389 /* AgeGroupViewController.swift */,
				BA82751724C258E10083EDA1 /* CaseloadViewController.swift */,
				BA82751924C258F10083EDA1 /* GroupsViewController.swift */,
				BA82751B24C260E90083EDA1 /* TabBarVC.swift */,
				BA82752524C5E75F0083EDA1 /* AddNewStudentViewController.swift */,
				BA82758A24C9D6700083EDA1 /* SelectCategoryViewController.swift */,
				BA82758C24C9D6880083EDA1 /* SelectGoalViewController.swift */,
				BA82759224CB429C0083EDA1 /* CategorySelectViewController.swift */,
				BA82759624CB7E910083EDA1 /* CuesAndAccuracyViewController.swift */,
			);
			path = Controller;
			sourceTree = "<group>";
		};
/* End PBXGroup section */

/* Begin PBXNativeTarget section */
		BA8D3AEE24C1F9AA009C0389 /* CaseloadManager */ = {
			isa = PBXNativeTarget;
			buildConfigurationList = BA8D3B0624C1F9AE009C0389 /* Build configuration list for PBXNativeTarget "CaseloadManager" */;
			buildPhases = (
				BA8D3AEB24C1F9AA009C0389 /* Sources */,
				BA8D3AEC24C1F9AA009C0389 /* Frameworks */,
				BA8D3AED24C1F9AA009C0389 /* Resources */,
			);
			buildRules = (
			);
			dependencies = (
			);
			name = CaseloadManager;
			productName = CaseloadManager;
			productReference = BA8D3AEF24C1F9AA009C0389 /* CaseloadManager.app */;
			productType = "com.apple.product-type.application";
		};
/* End PBXNativeTarget section */

/* Begin PBXProject section */
		BA8D3AE724C1F9AA009C0389 /* Project object */ = {
			isa = PBXProject;
			attributes = {
				LastSwiftUpdateCheck = 1150;
				LastUpgradeCheck = 1150;
				ORGANIZATIONNAME = "Timothy Adamcik";
				TargetAttributes = {
					BA8D3AEE24C1F9AA009C0389 = {
						CreatedOnToolsVersion = 11.5;
					};
				};
			};
			buildConfigurationList = BA8D3AEA24C1F9AA009C0389 /* Build configuration list for PBXProject "CaseloadManager" */;
			compatibilityVersion = "Xcode 9.3";
			developmentRegion = en;
			hasScannedForEncodings = 0;
			knownRegions = (
				en,
				Base,
			);
			mainGroup = BA8D3AE624C1F9AA009C0389;
			productRefGroup = BA8D3AF024C1F9AA009C0389 /* Products */;
			projectDirPath = "";
			projectRoot = "";
			targets = (
				BA8D3AEE24C1F9AA009C0389 /* CaseloadManager */,
			);
		};
/* End PBXProject section */

/* Begin PBXResourcesBuildPhase section */
		BA8D3AED24C1F9AA009C0389 /* Resources */ = {
			isa = PBXResourcesBuildPhase;
			buildActionMask = 2147483647;
			files = (
				BA8D3B0224C1F9AE009C0389 /* LaunchScreen.storyboard in Resources */,
				BA82753A24C5F2030083EDA1 /* Nunito-Light.ttf in Resources */,
				BA82753B24C5F2030083EDA1 /* Nunito-Regular.ttf in Resources */,
				BA82753E24C5F2030083EDA1 /* Nunito-BoldItalic.ttf in Resources */,
				BA82754524C5F2040083EDA1 /* Nunito-LightItalic.ttf in Resources */,
				BA82754224C5F2030083EDA1 /* Nunito-BlackItalic.ttf in Resources */,
				BA82753C24C5F2030083EDA1 /* Nunito-SemiBold.ttf in Resources */,
				BA82754324C5F2040083EDA1 /* OFL.txt in Resources */,
				BA82753924C5F2030083EDA1 /* Nunito-ExtraLightItalic.ttf in Resources */,
				BA8D3AFF24C1F9AE009C0389 /* Assets.xcassets in Resources */,
				BA82753D24C5F2030083EDA1 /* Nunito-Bold.ttf in Resources */,
				BA82754124C5F2030083EDA1 /* Nunito-SemiBoldItalic.ttf in Resources */,
				BA82753824C5F2030083EDA1 /* Nunito-ExtraBold.ttf in Resources */,
				BA8D3AFA24C1F9AA009C0389 /* Main.storyboard in Resources */,
				BA82753724C5F2030083EDA1 /* Nunito-ExtraBoldItalic.ttf in Resources */,
				BA82753F24C5F2030083EDA1 /* Nunito-Black.ttf in Resources */,
				BA82754024C5F2030083EDA1 /* Nunito-ExtraLight.ttf in Resources */,
				BA82754424C5F2040083EDA1 /* Nunito-Italic.ttf in Resources */,
			);
			runOnlyForDeploymentPostprocessing = 0;
		};
/* End PBXResourcesBuildPhase section */

/* Begin PBXSourcesBuildPhase section */
		BA8D3AEB24C1F9AA009C0389 /* Sources */ = {
			isa = PBXSourcesBuildPhase;
			buildActionMask = 2147483647;
			files = (
				BA82752624C5E75F0083EDA1 /* AddNewStudentViewController.swift in Sources */,
				BA8D3AF724C1F9AA009C0389 /* SplashViewController.swift in Sources */,
				BA8D3AF324C1F9AA009C0389 /* AppDelegate.swift in Sources */,
				BA8275BC24D461D20083EDA1 /* CreatedGoals.swift in Sources */,
				BA82759724CB7E910083EDA1 /* CuesAndAccuracyViewController.swift in Sources */,
				BA82759124CA15600083EDA1 /* SelectGoalTableCell.swift in Sources */,
				BA8D3AF524C1F9AA009C0389 /* SceneDelegate.swift in Sources */,
				BA8275B424D326F10083EDA1 /* CueLevelEnum.swift in Sources */,
				BA82751E24C4A6950083EDA1 /* CaseloadTableViewCell.swift in Sources */,
				BA8275B824D327980083EDA1 /* AccuracyLevels.swift in Sources */,
				BA82751824C258E10083EDA1 /* CaseloadViewController.swift in Sources */,
				BA82752224C5D94A0083EDA1 /* DataModel.swift in Sources */,
				BA82751C24C260E90083EDA1 /* TabBarVC.swift in Sources */,
				BA8275B624D327520083EDA1 /* CueTypes.swift in Sources */,
				BA82759524CB4FC00083EDA1 /* CategorySelectCell.swift in Sources */,
				BA82754724C61E8B0083EDA1 /* GoalTableViewCell.swift in Sources */,
				BA82751A24C258F10083EDA1 /* GroupsViewController.swift in Sources */,
				BA82759324CB429C0083EDA1 /* CategorySelectViewController.swift in Sources */,
				BA82752024C4A6B70083EDA1 /* GroupsTableViewCell.swift in Sources */,
				BA82758D24C9D6880083EDA1 /* SelectGoalViewController.swift in Sources */,
				BA82758F24CA01EC0083EDA1 /* GoalArrays.swift in Sources */,
				BA8D3B0D24C1FF44009C0389 /* LoginViewController.swift in Sources */,
				BA8275AF24D0D80A0083EDA1 /* CustomButton.swift in Sources */,
				BA82758B24C9D6700083EDA1 /* SelectCategoryViewController.swift in Sources */,
				BA8D3B0F24C1FF7C009C0389 /* AgeGroupViewController.swift in Sources */,
				BA8D3AFD24C1F9AA009C0389 /* CaseloadManager.xcdatamodeld in Sources */,
			);
			runOnlyForDeploymentPostprocessing = 0;
		};
/* End PBXSourcesBuildPhase section */

/* Begin PBXVariantGroup section */
		BA8D3AF824C1F9AA009C0389 /* Main.storyboard */ = {
			isa = PBXVariantGroup;
			children = (
				BA8D3AF924C1F9AA009C0389 /* Base */,
			);
			name = Main.storyboard;
			sourceTree = "<group>";
		};
		BA8D3B0024C1F9AE009C0389 /* LaunchScreen.storyboard */ = {
			isa = PBXVariantGroup;
			children = (
				BA8D3B0124C1F9AE009C0389 /* Base */,
			);
			name = LaunchScreen.storyboard;
			sourceTree = "<group>";
		};
/* End PBXVariantGroup section */

/* Begin XCBuildConfiguration section */
		BA8D3B0424C1F9AE009C0389 /* Debug */ = {
			isa = XCBuildConfiguration;
			buildSettings = {
				ALWAYS_SEARCH_USER_PATHS = NO;
				CLANG_ANALYZER_NONNULL = YES;
				CLANG_ANALYZER_NUMBER_OBJECT_CONVERSION = YES_AGGRESSIVE;
				CLANG_CXX_LANGUAGE_STANDARD = "gnu++14";
				CLANG_CXX_LIBRARY = "libc++";
				CLANG_ENABLE_MODULES = YES;
				CLANG_ENABLE_OBJC_ARC = YES;
				CLANG_ENABLE_OBJC_WEAK = YES;
				CLANG_WARN_BLOCK_CAPTURE_AUTORELEASING = YES;
				CLANG_WARN_BOOL_CONVERSION = YES;
				CLANG_WARN_COMMA = YES;
				CLANG_WARN_CONSTANT_CONVERSION = YES;
				CLANG_WARN_DEPRECATED_OBJC_IMPLEMENTATIONS = YES;
				CLANG_WARN_DIRECT_OBJC_ISA_USAGE = YES_ERROR;
				CLANG_WARN_DOCUMENTATION_COMMENTS = YES;
				CLANG_WARN_EMPTY_BODY = YES;
				CLANG_WARN_ENUM_CONVERSION = YES;
				CLANG_WARN_INFINITE_RECURSION = YES;
				CLANG_WARN_INT_CONVERSION = YES;
				CLANG_WARN_NON_LITERAL_NULL_CONVERSION = YES;
				CLANG_WARN_OBJC_IMPLICIT_RETAIN_SELF = YES;
				CLANG_WARN_OBJC_LITERAL_CONVERSION = YES;
				CLANG_WARN_OBJC_ROOT_CLASS = YES_ERROR;
				CLANG_WARN_RANGE_LOOP_ANALYSIS = YES;
				CLANG_WARN_STRICT_PROTOTYPES = YES;
				CLANG_WARN_SUSPICIOUS_MOVE = YES;
				CLANG_WARN_UNGUARDED_AVAILABILITY = YES_AGGRESSIVE;
				CLANG_WARN_UNREACHABLE_CODE = YES;
				CLANG_WARN__DUPLICATE_METHOD_MATCH = YES;
				COPY_PHASE_STRIP = NO;
				DEBUG_INFORMATION_FORMAT = dwarf;
				ENABLE_STRICT_OBJC_MSGSEND = YES;
				ENABLE_TESTABILITY = YES;
				GCC_C_LANGUAGE_STANDARD = gnu11;
				GCC_DYNAMIC_NO_PIC = NO;
				GCC_NO_COMMON_BLOCKS = YES;
				GCC_OPTIMIZATION_LEVEL = 0;
				GCC_PREPROCESSOR_DEFINITIONS = (
					"DEBUG=1",
					"$(inherited)",
				);
				GCC_WARN_64_TO_32_BIT_CONVERSION = YES;
				GCC_WARN_ABOUT_RETURN_TYPE = YES_ERROR;
				GCC_WARN_UNDECLARED_SELECTOR = YES;
				GCC_WARN_UNINITIALIZED_AUTOS = YES_AGGRESSIVE;
				GCC_WARN_UNUSED_FUNCTION = YES;
				GCC_WARN_UNUSED_VARIABLE = YES;
				IPHONEOS_DEPLOYMENT_TARGET = 13.5;
				MTL_ENABLE_DEBUG_INFO = INCLUDE_SOURCE;
				MTL_FAST_MATH = YES;
				ONLY_ACTIVE_ARCH = YES;
				SDKROOT = iphoneos;
				SWIFT_ACTIVE_COMPILATION_CONDITIONS = DEBUG;
				SWIFT_OPTIMIZATION_LEVEL = "-Onone";
			};
			name = Debug;
		};
		BA8D3B0524C1F9AE009C0389 /* Release */ = {
			isa = XCBuildConfiguration;
			buildSettings = {
				ALWAYS_SEARCH_USER_PATHS = NO;
				CLANG_ANALYZER_NONNULL = YES;
				CLANG_ANALYZER_NUMBER_OBJECT_CONVERSION = YES_AGGRESSIVE;
				CLANG_CXX_LANGUAGE_STANDARD = "gnu++14";
				CLANG_CXX_LIBRARY = "libc++";
				CLANG_ENABLE_MODULES = YES;
				CLANG_ENABLE_OBJC_ARC = YES;
				CLANG_ENABLE_OBJC_WEAK = YES;
				CLANG_WARN_BLOCK_CAPTURE_AUTORELEASING = YES;
				CLANG_WARN_BOOL_CONVERSION = YES;
				CLANG_WARN_COMMA = YES;
				CLANG_WARN_CONSTANT_CONVERSION = YES;
				CLANG_WARN_DEPRECATED_OBJC_IMPLEMENTATIONS = YES;
				CLANG_WARN_DIRECT_OBJC_ISA_USAGE = YES_ERROR;
				CLANG_WARN_DOCUMENTATION_COMMENTS = YES;
				CLANG_WARN_EMPTY_BODY = YES;
				CLANG_WARN_ENUM_CONVERSION = YES;
				CLANG_WARN_INFINITE_RECURSION = YES;
				CLANG_WARN_INT_CONVERSION = YES;
				CLANG_WARN_NON_LITERAL_NULL_CONVERSION = YES;
				CLANG_WARN_OBJC_IMPLICIT_RETAIN_SELF = YES;
				CLANG_WARN_OBJC_LITERAL_CONVERSION = YES;
				CLANG_WARN_OBJC_ROOT_CLASS = YES_ERROR;
				CLANG_WARN_RANGE_LOOP_ANALYSIS = YES;
				CLANG_WARN_STRICT_PROTOTYPES = YES;
				CLANG_WARN_SUSPICIOUS_MOVE = YES;
				CLANG_WARN_UNGUARDED_AVAILABILITY = YES_AGGRESSIVE;
				CLANG_WARN_UNREACHABLE_CODE = YES;
				CLANG_WARN__DUPLICATE_METHOD_MATCH = YES;
				COPY_PHASE_STRIP = NO;
				DEBUG_INFORMATION_FORMAT = "dwarf-with-dsym";
				ENABLE_NS_ASSERTIONS = NO;
				ENABLE_STRICT_OBJC_MSGSEND = YES;
				GCC_C_LANGUAGE_STANDARD = gnu11;
				GCC_NO_COMMON_BLOCKS = YES;
				GCC_WARN_64_TO_32_BIT_CONVERSION = YES;
				GCC_WARN_ABOUT_RETURN_TYPE = YES_ERROR;
				GCC_WARN_UNDECLARED_SELECTOR = YES;
				GCC_WARN_UNINITIALIZED_AUTOS = YES_AGGRESSIVE;
				GCC_WARN_UNUSED_FUNCTION = YES;
				GCC_WARN_UNUSED_VARIABLE = YES;
				IPHONEOS_DEPLOYMENT_TARGET = 13.5;
				MTL_ENABLE_DEBUG_INFO = NO;
				MTL_FAST_MATH = YES;
				SDKROOT = iphoneos;
				SWIFT_COMPILATION_MODE = wholemodule;
				SWIFT_OPTIMIZATION_LEVEL = "-O";
				VALIDATE_PRODUCT = YES;
			};
			name = Release;
		};
		BA8D3B0724C1F9AE009C0389 /* Debug */ = {
			isa = XCBuildConfiguration;
			buildSettings = {
				ASSETCATALOG_COMPILER_APPICON_NAME = AppIcon;
				CODE_SIGN_STYLE = Automatic;
				DEVELOPMENT_TEAM = 3ZD94BR25U;
				INFOPLIST_FILE = CaseloadManager/Info.plist;
				LD_RUNPATH_SEARCH_PATHS = (
					"$(inherited)",
					"@executable_path/Frameworks",
				);
				PRODUCT_BUNDLE_IDENTIFIER = com.ta.CaseloadManager;
				PRODUCT_NAME = "$(TARGET_NAME)";
				SWIFT_VERSION = 5.0;
				TARGETED_DEVICE_FAMILY = "1,2";
			};
			name = Debug;
		};
		BA8D3B0824C1F9AE009C0389 /* Release */ = {
			isa = XCBuildConfiguration;
			buildSettings = {
				ASSETCATALOG_COMPILER_APPICON_NAME = AppIcon;
				CODE_SIGN_STYLE = Automatic;
				DEVELOPMENT_TEAM = 3ZD94BR25U;
				INFOPLIST_FILE = CaseloadManager/Info.plist;
				LD_RUNPATH_SEARCH_PATHS = (
					"$(inherited)",
					"@executable_path/Frameworks",
				);
				PRODUCT_BUNDLE_IDENTIFIER = com.ta.CaseloadManager;
				PRODUCT_NAME = "$(TARGET_NAME)";
				SWIFT_VERSION = 5.0;
				TARGETED_DEVICE_FAMILY = "1,2";
			};
			name = Release;
		};
/* End XCBuildConfiguration section */

/* Begin XCConfigurationList section */
		BA8D3AEA24C1F9AA009C0389 /* Build configuration list for PBXProject "CaseloadManager" */ = {
			isa = XCConfigurationList;
			buildConfigurations = (
				BA8D3B0424C1F9AE009C0389 /* Debug */,
				BA8D3B0524C1F9AE009C0389 /* Release */,
			);
			defaultConfigurationIsVisible = 0;
			defaultConfigurationName = Release;
		};
		BA8D3B0624C1F9AE009C0389 /* Build configuration list for PBXNativeTarget "CaseloadManager" */ = {
			isa = XCConfigurationList;
			buildConfigurations = (
				BA8D3B0724C1F9AE009C0389 /* Debug */,
				BA8D3B0824C1F9AE009C0389 /* Release */,
			);
			defaultConfigurationIsVisible = 0;
			defaultConfigurationName = Release;
		};
/* End XCConfigurationList section */

/* Begin XCVersionGroup section */
		BA8D3AFB24C1F9AA009C0389 /* CaseloadManager.xcdatamodeld */ = {
			isa = XCVersionGroup;
			children = (
				BA8D3AFC24C1F9AA009C0389 /* CaseloadManager.xcdatamodel */,
			);
			currentVersion = BA8D3AFC24C1F9AA009C0389 /* CaseloadManager.xcdatamodel */;
			path = CaseloadManager.xcdatamodeld;
			sourceTree = "<group>";
			versionGroupType = wrapper.xcdatamodel;
		};
/* End XCVersionGroup section */
	};
	rootObject = BA8D3AE724C1F9AA009C0389 /* Project object */;
}
