// !$*UTF8*$!
{
	archiveVersion = 1;
	classes = {
	};
	objectVersion = 50;
	objects = {

/* Begin PBXBuildFile section */
		BA8D3AF324C1F9AA009C0389 /* AppDelegate.swift in Sources */ = {isa = PBXBuildFile; fileRef = BA8D3AF224C1F9AA009C0389 /* AppDelegate.swift */; };
		BA8D3AF524C1F9AA009C0389 /* SceneDelegate.swift in Sources */ = {isa = PBXBuildFile; fileRef = BA8D3AF424C1F9AA009C0389 /* SceneDelegate.swift */; };
		BA8D3AF724C1F9AA009C0389 /* SplashViewController.swift in Sources */ = {isa = PBXBuildFile; fileRef = BA8D3AF624C1F9AA009C0389 /* SplashViewController.swift */; };
		BA8D3AFA24C1F9AA009C0389 /* Main.storyboard in Resources */ = {isa = PBXBuildFile; fileRef = BA8D3AF824C1F9AA009C0389 /* Main.storyboard */; };
		BA8D3AFD24C1F9AA009C0389 /* CaseloadManager.xcdatamodeld in Sources */ = {isa = PBXBuildFile; fileRef = BA8D3AFB24C1F9AA009C0389 /* CaseloadManager.xcdatamodeld */; };
		BA8D3AFF24C1F9AE009C0389 /* Assets.xcassets in Resources */ = {isa = PBXBuildFile; fileRef = BA8D3AFE24C1F9AE009C0389 /* Assets.xcassets */; };
		BA8D3B0224C1F9AE009C0389 /* LaunchScreen.storyboard in Resources */ = {isa = PBXBuildFile; fileRef = BA8D3B0024C1F9AE009C0389 /* LaunchScreen.storyboard */; };
		BA8D3B0D24C1FF44009C0389 /* LoginViewController.swift in Sources */ = {isa = PBXBuildFile; fileRef = BA8D3B0C24C1FF44009C0389 /* LoginViewController.swift */; };
		BA8D3B0F24C1FF7C009C0389 /* AgeGroupViewController.swift in Sources */ = {isa = PBXBuildFile; fileRef = BA8D3B0E24C1FF7C009C0389 /* AgeGroupViewController.swift */; };
/* End PBXBuildFile section */

/* Begin PBXFileReference section */
		BA8D3AEF24C1F9AA009C0389 /* CaseloadManager.app */ = {isa = PBXFileReference; explicitFileType = wrapper.application; includeInIndex = 0; path = CaseloadManager.app; sourceTree = BUILT_PRODUCTS_DIR; };
		BA8D3AF224C1F9AA009C0389 /* AppDelegate.swift */ = {isa = PBXFileReference; lastKnownFileType = sourcecode.swift; path = AppDelegate.swift; sourceTree = "<group>"; };
		BA8D3AF424C1F9AA009C0389 /* SceneDelegate.swift */ = {isa = PBXFileReference; lastKnownFileType = sourcecode.swift; path = SceneDelegate.swift; sourceTree = "<group>"; };
		BA8D3AF624C1F9AA009C0389 /* SplashViewController.swift */ = {isa = PBXFileReference; lastKnownFileType = sourcecode.swift; path = SplashViewController.swift; sourceTree = "<group>"; };
		BA8D3AF924C1F9AA009C0389 /* Base */ = {isa = PBXFileReference; lastKnownFileType = file.storyboard; name = Base; path = Base.lproj/Main.storyboard; sourceTree = "<group>"; };
		BA8D3AFC24C1F9AA009C0389 /* CaseloadManager.xcdatamodel */ = {isa = PBXFileReference; lastKnownFileType = wrapper.xcdatamodel; path = CaseloadManager.xcdatamodel; sourceTree = "<group>"; };
		BA8D3AFE24C1F9AE009C0389 /* Assets.xcassets */ = {isa = PBXFileReference; lastKnownFileType = folder.assetcatalog; path = Assets.xcassets; sourceTree = "<group>"; };
		BA8D3B0124C1F9AE009C0389 /* Base */ = {isa = PBXFileReference; lastKnownFileType = file.storyboard; name = Base; path = Base.lproj/LaunchScreen.storyboard; sourceTree = "<group>"; };
		BA8D3B0324C1F9AE009C0389 /* Info.plist */ = {isa = PBXFileReference; lastKnownFileType = text.plist.xml; path = Info.plist; sourceTree = "<group>"; };
		BA8D3B0C24C1FF44009C0389 /* LoginViewController.swift */ = {isa = PBXFileReference; lastKnownFileType = sourcecode.swift; path = LoginViewController.swift; sourceTree = "<group>"; };
		BA8D3B0E24C1FF7C009C0389 /* AgeGroupViewController.swift */ = {isa = PBXFileReference; lastKnownFileType = sourcecode.swift; path = AgeGroupViewController.swift; sourceTree = "<group>"; };
/* End PBXFileReference section */

/* Begin PBXFrameworksBuildPhase section */
		BA8D3AEC24C1F9AA009C0389 /* Frameworks */ = {
			isa = PBXFrameworksBuildPhase;
			buildActionMask = 2147483647;
			files = (
			);
			runOnlyForDeploymentPostprocessing = 0;
		};
/* End PBXFrameworksBuildPhase section */

/* Begin PBXGroup section */
		BA8D3AE624C1F9AA009C0389 = {
			isa = PBXGroup;
			children = (
				BA8D3AF124C1F9AA009C0389 /* CaseloadManager */,
				BA8D3AF024C1F9AA009C0389 /* Products */,
			);
			sourceTree = "<group>";
		};
		BA8D3AF024C1F9AA009C0389 /* Products */ = {
			isa = PBXGroup;
			children = (
				BA8D3AEF24C1F9AA009C0389 /* CaseloadManager.app */,
			);
			name = Products;
			sourceTree = "<group>";
		};
		BA8D3AF124C1F9AA009C0389 /* CaseloadManager */ = {
			isa = PBXGroup;
			children = (
				BA8D3B0924C1F9C6009C0389 /* Model */,
				BA8D3B0B24C1F9D9009C0389 /* Controller */,
				BA8D3B0A24C1F9D1009C0389 /* View */,
				BA8D3AF224C1F9AA009C0389 /* AppDelegate.swift */,
				BA8D3AF424C1F9AA009C0389 /* SceneDelegate.swift */,
				BA8D3AF824C1F9AA009C0389 /* Main.storyboard */,
				BA8D3AFE24C1F9AE009C0389 /* Assets.xcassets */,
				BA8D3B0024C1F9AE009C0389 /* LaunchScreen.storyboard */,
				BA8D3B0324C1F9AE009C0389 /* Info.plist */,
				BA8D3AFB24C1F9AA009C0389 /* CaseloadManager.xcdatamodeld */,
			);
			path = CaseloadManager;
			sourceTree = "<group>";
		};
		BA8D3B0924C1F9C6009C0389 /* Model */ = {
			isa = PBXGroup;
			children = (
			);
			path = Model;
			sourceTree = "<group>";
		};
		BA8D3B0A24C1F9D1009C0389 /* View */ = {
			isa = PBXGroup;
			children = (
			);
			path = View;
			sourceTree = "<group>";
		};
		BA8D3B0B24C1F9D9009C0389 /* Controller */ = {
			isa = PBXGroup;
			children = (
				BA8D3AF624C1F9AA009C0389 /* SplashViewController.swift */,
				BA8D3B0C24C1FF44009C0389 /* LoginViewController.swift */,
				BA8D3B0E24C1FF7C009C0389 /* AgeGroupViewController.swift */,
			);
			path = Controller;
			sourceTree = "<group>";
		};
/* End PBXGroup section */

/* Begin PBXNativeTarget section */
		BA8D3AEE24C1F9AA009C0389 /* CaseloadManager */ = {
			isa = PBXNativeTarget;
			buildConfigurationList = BA8D3B0624C1F9AE009C0389 /* Build configuration list for PBXNativeTarget "CaseloadManager" */;
			buildPhases = (
				BA8D3AEB24C1F9AA009C0389 /* Sources */,
				BA8D3AEC24C1F9AA009C0389 /* Frameworks */,
				BA8D3AED24C1F9AA009C0389 /* Resources */,
			);
			buildRules = (
			);
			dependencies = (
			);
			name = CaseloadManager;
			productName = CaseloadManager;
			productReference = BA8D3AEF24C1F9AA009C0389 /* CaseloadManager.app */;
			productType = "com.apple.product-type.application";
		};
/* End PBXNativeTarget section */

/* Begin PBXProject section */
		BA8D3AE724C1F9AA009C0389 /* Project object */ = {
			isa = PBXProject;
			attributes = {
				LastSwiftUpdateCheck = 1150;
				LastUpgradeCheck = 1150;
				ORGANIZATIONNAME = "Timothy Adamcik";
				TargetAttributes = {
					BA8D3AEE24C1F9AA009C0389 = {
						CreatedOnToolsVersion = 11.5;
					};
				};
			};
			buildConfigurationList = BA8D3AEA24C1F9AA009C0389 /* Build configuration list for PBXProject "CaseloadManager" */;
			compatibilityVersion = "Xcode 9.3";
			developmentRegion = en;
			hasScannedForEncodings = 0;
			knownRegions = (
				en,
				Base,
			);
			mainGroup = BA8D3AE624C1F9AA009C0389;
			productRefGroup = BA8D3AF024C1F9AA009C0389 /* Products */;
			projectDirPath = "";
			projectRoot = "";
			targets = (
				BA8D3AEE24C1F9AA009C0389 /* CaseloadManager */,
			);
		};
/* End PBXProject section */

/* Begin PBXResourcesBuildPhase section */
		BA8D3AED24C1F9AA009C0389 /* Resources */ = {
			isa = PBXResourcesBuildPhase;
			buildActionMask = 2147483647;
			files = (
				BA8D3B0224C1F9AE009C0389 /* LaunchScreen.storyboard in Resources */,
				BA8D3AFF24C1F9AE009C0389 /* Assets.xcassets in Resources */,
				BA8D3AFA24C1F9AA009C0389 /* Main.storyboard in Resources */,
			);
			runOnlyForDeploymentPostprocessing = 0;
		};
/* End PBXResourcesBuildPhase section */

/* Begin PBXSourcesBuildPhase section */
		BA8D3AEB24C1F9AA009C0389 /* Sources */ = {
			isa = PBXSourcesBuildPhase;
			buildActionMask = 2147483647;
			files = (
				BA8D3AF724C1F9AA009C0389 /* SplashViewController.swift in Sources */,
				BA8D3AF324C1F9AA009C0389 /* AppDelegate.swift in Sources */,
				BA8D3AF524C1F9AA009C0389 /* SceneDelegate.swift in Sources */,
				BA8D3B0D24C1FF44009C0389 /* LoginViewController.swift in Sources */,
				BA8D3B0F24C1FF7C009C0389 /* AgeGroupViewController.swift in Sources */,
				BA8D3AFD24C1F9AA009C0389 /* CaseloadManager.xcdatamodeld in Sources */,
			);
			runOnlyForDeploymentPostprocessing = 0;
		};
/* End PBXSourcesBuildPhase section */

/* Begin PBXVariantGroup section */
		BA8D3AF824C1F9AA009C0389 /* Main.storyboard */ = {
			isa = PBXVariantGroup;
			children = (
				BA8D3AF924C1F9AA009C0389 /* Base */,
			);
			name = Main.storyboard;
			sourceTree = "<group>";
		};
		BA8D3B0024C1F9AE009C0389 /* LaunchScreen.storyboard */ = {
			isa = PBXVariantGroup;
			children = (
				BA8D3B0124C1F9AE009C0389 /* Base */,
			);
			name = LaunchScreen.storyboard;
			sourceTree = "<group>";
		};
/* End PBXVariantGroup section */

/* Begin XCBuildConfiguration section */
		BA8D3B0424C1F9AE009C0389 /* Debug */ = {
			isa = XCBuildConfiguration;
			buildSettings = {
				ALWAYS_SEARCH_USER_PATHS = NO;
				CLANG_ANALYZER_NONNULL = YES;
				CLANG_ANALYZER_NUMBER_OBJECT_CONVERSION = YES_AGGRESSIVE;
				CLANG_CXX_LANGUAGE_STANDARD = "gnu++14";
				CLANG_CXX_LIBRARY = "libc++";
				CLANG_ENABLE_MODULES = YES;
				CLANG_ENABLE_OBJC_ARC = YES;
				CLANG_ENABLE_OBJC_WEAK = YES;
				CLANG_WARN_BLOCK_CAPTURE_AUTORELEASING = YES;
				CLANG_WARN_BOOL_CONVERSION = YES;
				CLANG_WARN_COMMA = YES;
				CLANG_WARN_CONSTANT_CONVERSION = YES;
				CLANG_WARN_DEPRECATED_OBJC_IMPLEMENTATIONS = YES;
				CLANG_WARN_DIRECT_OBJC_ISA_USAGE = YES_ERROR;
				CLANG_WARN_DOCUMENTATION_COMMENTS = YES;
				CLANG_WARN_EMPTY_BODY = YES;
				CLANG_WARN_ENUM_CONVERSION = YES;
				CLANG_WARN_INFINITE_RECURSION = YES;
				CLANG_WARN_INT_CONVERSION = YES;
				CLANG_WARN_NON_LITERAL_NULL_CONVERSION = YES;
				CLANG_WARN_OBJC_IMPLICIT_RETAIN_SELF = YES;
				CLANG_WARN_OBJC_LITERAL_CONVERSION = YES;
				CLANG_WARN_OBJC_ROOT_CLASS = YES_ERROR;
				CLANG_WARN_RANGE_LOOP_ANALYSIS = YES;
				CLANG_WARN_STRICT_PROTOTYPES = YES;
				CLANG_WARN_SUSPICIOUS_MOVE = YES;
				CLANG_WARN_UNGUARDED_AVAILABILITY = YES_AGGRESSIVE;
				CLANG_WARN_UNREACHABLE_CODE = YES;
				CLANG_WARN__DUPLICATE_METHOD_MATCH = YES;
				COPY_PHASE_STRIP = NO;
				DEBUG_INFORMATION_FORMAT = dwarf;
				ENABLE_STRICT_OBJC_MSGSEND = YES;
				ENABLE_TESTABILITY = YES;
				GCC_C_LANGUAGE_STANDARD = gnu11;
				GCC_DYNAMIC_NO_PIC = NO;
				GCC_NO_COMMON_BLOCKS = YES;
				GCC_OPTIMIZATION_LEVEL = 0;
				GCC_PREPROCESSOR_DEFINITIONS = (
					"DEBUG=1",
					"$(inherited)",
				);
				GCC_WARN_64_TO_32_BIT_CONVERSION = YES;
				GCC_WARN_ABOUT_RETURN_TYPE = YES_ERROR;
				GCC_WARN_UNDECLARED_SELECTOR = YES;
				GCC_WARN_UNINITIALIZED_AUTOS = YES_AGGRESSIVE;
				GCC_WARN_UNUSED_FUNCTION = YES;
				GCC_WARN_UNUSED_VARIABLE = YES;
				IPHONEOS_DEPLOYMENT_TARGET = 13.5;
				MTL_ENABLE_DEBUG_INFO = INCLUDE_SOURCE;
				MTL_FAST_MATH = YES;
				ONLY_ACTIVE_ARCH = YES;
				SDKROOT = iphoneos;
				SWIFT_ACTIVE_COMPILATION_CONDITIONS = DEBUG;
				SWIFT_OPTIMIZATION_LEVEL = "-Onone";
			};
			name = Debug;
		};
		BA8D3B0524C1F9AE009C0389 /* Release */ = {
			isa = XCBuildConfiguration;
			buildSettings = {
				ALWAYS_SEARCH_USER_PATHS = NO;
				CLANG_ANALYZER_NONNULL = YES;
				CLANG_ANALYZER_NUMBER_OBJECT_CONVERSION = YES_AGGRESSIVE;
				CLANG_CXX_LANGUAGE_STANDARD = "gnu++14";
				CLANG_CXX_LIBRARY = "libc++";
				CLANG_ENABLE_MODULES = YES;
				CLANG_ENABLE_OBJC_ARC = YES;
				CLANG_ENABLE_OBJC_WEAK = YES;
				CLANG_WARN_BLOCK_CAPTURE_AUTORELEASING = YES;
				CLANG_WARN_BOOL_CONVERSION = YES;
				CLANG_WARN_COMMA = YES;
				CLANG_WARN_CONSTANT_CONVERSION = YES;
				CLANG_WARN_DEPRECATED_OBJC_IMPLEMENTATIONS = YES;
				CLANG_WARN_DIRECT_OBJC_ISA_USAGE = YES_ERROR;
				CLANG_WARN_DOCUMENTATION_COMMENTS = YES;
				CLANG_WARN_EMPTY_BODY = YES;
				CLANG_WARN_ENUM_CONVERSION = YES;
				CLANG_WARN_INFINITE_RECURSION = YES;
				CLANG_WARN_INT_CONVERSION = YES;
				CLANG_WARN_NON_LITERAL_NULL_CONVERSION = YES;
				CLANG_WARN_OBJC_IMPLICIT_RETAIN_SELF = YES;
				CLANG_WARN_OBJC_LITERAL_CONVERSION = YES;
				CLANG_WARN_OBJC_ROOT_CLASS = YES_ERROR;
				CLANG_WARN_RANGE_LOOP_ANALYSIS = YES;
				CLANG_WARN_STRICT_PROTOTYPES = YES;
				CLANG_WARN_SUSPICIOUS_MOVE = YES;
				CLANG_WARN_UNGUARDED_AVAILABILITY = YES_AGGRESSIVE;
				CLANG_WARN_UNREACHABLE_CODE = YES;
				CLANG_WARN__DUPLICATE_METHOD_MATCH = YES;
				COPY_PHASE_STRIP = NO;
				DEBUG_INFORMATION_FORMAT = "dwarf-with-dsym";
				ENABLE_NS_ASSERTIONS = NO;
				ENABLE_STRICT_OBJC_MSGSEND = YES;
				GCC_C_LANGUAGE_STANDARD = gnu11;
				GCC_NO_COMMON_BLOCKS = YES;
				GCC_WARN_64_TO_32_BIT_CONVERSION = YES;
				GCC_WARN_ABOUT_RETURN_TYPE = YES_ERROR;
				GCC_WARN_UNDECLARED_SELECTOR = YES;
				GCC_WARN_UNINITIALIZED_AUTOS = YES_AGGRESSIVE;
				GCC_WARN_UNUSED_FUNCTION = YES;
				GCC_WARN_UNUSED_VARIABLE = YES;
				IPHONEOS_DEPLOYMENT_TARGET = 13.5;
				MTL_ENABLE_DEBUG_INFO = NO;
				MTL_FAST_MATH = YES;
				SDKROOT = iphoneos;
				SWIFT_COMPILATION_MODE = wholemodule;
				SWIFT_OPTIMIZATION_LEVEL = "-O";
				VALIDATE_PRODUCT = YES;
			};
			name = Release;
		};
		BA8D3B0724C1F9AE009C0389 /* Debug */ = {
			isa = XCBuildConfiguration;
			buildSettings = {
				ASSETCATALOG_COMPILER_APPICON_NAME = AppIcon;
				CODE_SIGN_STYLE = Automatic;
				DEVELOPMENT_TEAM = 3ZD94BR25U;
				INFOPLIST_FILE = CaseloadManager/Info.plist;
				LD_RUNPATH_SEARCH_PATHS = (
					"$(inherited)",
					"@executable_path/Frameworks",
				);
				PRODUCT_BUNDLE_IDENTIFIER = com.ta.CaseloadManager;
				PRODUCT_NAME = "$(TARGET_NAME)";
				SWIFT_VERSION = 5.0;
				TARGETED_DEVICE_FAMILY = "1,2";
			};
			name = Debug;
		};
		BA8D3B0824C1F9AE009C0389 /* Release */ = {
			isa = XCBuildConfiguration;
			buildSettings = {
				ASSETCATALOG_COMPILER_APPICON_NAME = AppIcon;
				CODE_SIGN_STYLE = Automatic;
				DEVELOPMENT_TEAM = 3ZD94BR25U;
				INFOPLIST_FILE = CaseloadManager/Info.plist;
				LD_RUNPATH_SEARCH_PATHS = (
					"$(inherited)",
					"@executable_path/Frameworks",
				);
				PRODUCT_BUNDLE_IDENTIFIER = com.ta.CaseloadManager;
				PRODUCT_NAME = "$(TARGET_NAME)";
				SWIFT_VERSION = 5.0;
				TARGETED_DEVICE_FAMILY = "1,2";
			};
			name = Release;
		};
/* End XCBuildConfiguration section */

/* Begin XCConfigurationList section */
		BA8D3AEA24C1F9AA009C0389 /* Build configuration list for PBXProject "CaseloadManager" */ = {
			isa = XCConfigurationList;
			buildConfigurations = (
				BA8D3B0424C1F9AE009C0389 /* Debug */,
				BA8D3B0524C1F9AE009C0389 /* Release */,
			);
			defaultConfigurationIsVisible = 0;
			defaultConfigurationName = Release;
		};
		BA8D3B0624C1F9AE009C0389 /* Build configuration list for PBXNativeTarget "CaseloadManager" */ = {
			isa = XCConfigurationList;
			buildConfigurations = (
				BA8D3B0724C1F9AE009C0389 /* Debug */,
				BA8D3B0824C1F9AE009C0389 /* Release */,
			);
			defaultConfigurationIsVisible = 0;
			defaultConfigurationName = Release;
		};
/* End XCConfigurationList section */

/* Begin XCVersionGroup section */
		BA8D3AFB24C1F9AA009C0389 /* CaseloadManager.xcdatamodeld */ = {
			isa = XCVersionGroup;
			children = (
				BA8D3AFC24C1F9AA009C0389 /* CaseloadManager.xcdatamodel */,
			);
			currentVersion = BA8D3AFC24C1F9AA009C0389 /* CaseloadManager.xcdatamodel */;
			path = CaseloadManager.xcdatamodeld;
			sourceTree = "<group>";
			versionGroupType = wrapper.xcdatamodel;
		};
/* End XCVersionGroup section */
	};
	rootObject = BA8D3AE724C1F9AA009C0389 /* Project object */;
}
